
Microsoft Visual Studio Solution File, Format Version 12.00
# Visual Studio 15
Project("{FAE04EC0-301F-11D3-BF4B-00C04F79EFBC}") = "Web", "Web\Web.csproj", "{5AFD32C1-93CC-4CF4-990C-0DA369033215}"
EndProject
Project("{FAE04EC0-301F-11D3-BF4B-00C04F79EFBC}") = "Web.Tests", "Web.Tests\Web.Tests.csproj", "{64AA20F0-DCE5-44F0-BDCA-25800448CB36}"
EndProject
Global
	GlobalSection(SolutionConfigurationPlatforms) = preSolution
		Debug|Any CPU = Debug|Any CPU
		Release|Any CPU = Release|Any CPU
	EndGlobalSection
	GlobalSection(ProjectConfigurationPlatforms) = postSolution
		{5AFD32C1-93CC-4CF4-990C-0DA369033215}.Debug|Any CPU.ActiveCfg = Debug|Any CPU
		{5AFD32C1-93CC-4CF4-990C-0DA369033215}.Debug|Any CPU.Build.0 = Debug|Any CPU
		{5AFD32C1-93CC-4CF4-990C-0DA369033215}.Release|Any CPU.ActiveCfg = Release|Any CPU
		{5AFD32C1-93CC-4CF4-990C-0DA369033215}.Release|Any CPU.Build.0 = Release|Any CPU
		{64AA20F0-DCE5-44F0-BDCA-25800448CB36}.Debug|Any CPU.ActiveCfg = Debug|Any CPU
		{64AA20F0-DCE5-44F0-BDCA-25800448CB36}.Debug|Any CPU.Build.0 = Debug|Any CPU
		{64AA20F0-DCE5-44F0-BDCA-25800448CB36}.Release|Any CPU.ActiveCfg = Release|Any CPU
		{64AA20F0-DCE5-44F0-BDCA-25800448CB36}.Release|Any CPU.Build.0 = Release|Any CPU
	EndGlobalSection
EndGlobal
