
Microsoft Visual Studio Solution File, Format Version 12.00
# Visual Studio 15
Project("{FAE04EC0-301F-11D3-BF4B-00C04F79EFBC}") = "Evoting.System", "Evoting.System\Evoting.System.csproj", "{48FCC937-7A94-4BAA-90B0-A87BF8188248}"
EndProject
Project("{FAE04EC0-301F-11D3-BF4B-00C04F79EFBC}") = "Evoting.Tests", "Evoting.Tests\Evoting.Tests.csproj", "{5FD5FACB-8935-427C-97A8-236402C1AC99}"
EndProject
Global
	GlobalSection(SolutionConfigurationPlatforms) = preSolution
		Debug|Any CPU = Debug|Any CPU
		Release|Any CPU = Release|Any CPU
	EndGlobalSection
	GlobalSection(ProjectConfigurationPlatforms) = postSolution
		{48FCC937-7A94-4BAA-90B0-A87BF8188248}.Debug|Any CPU.ActiveCfg = Debug|Any CPU
		{48FCC937-7A94-4BAA-90B0-A87BF8188248}.Debug|Any CPU.Build.0 = Debug|Any CPU
		{48FCC937-7A94-4BAA-90B0-A87BF8188248}.Release|Any CPU.ActiveCfg = Release|Any CPU
		{48FCC937-7A94-4BAA-90B0-A87BF8188248}.Release|Any CPU.Build.0 = Release|Any CPU
		{5FD5FACB-8935-427C-97A8-236402C1AC99}.Debug|Any CPU.ActiveCfg = Debug|Any CPU
		{5FD5FACB-8935-427C-97A8-236402C1AC99}.Debug|Any CPU.Build.0 = Debug|Any CPU
		{5FD5FACB-8935-427C-97A8-236402C1AC99}.Release|Any CPU.ActiveCfg = Release|Any CPU
		{5FD5FACB-8935-427C-97A8-236402C1AC99}.Release|Any CPU.Build.0 = Release|Any CPU
	EndGlobalSection
EndGlobal
