
Microsoft Visual Studio Solution File, Format Version 12.00
# Visual Studio 15
VisualStudioVersion = 15.0.28307.168
MinimumVisualStudioVersion = 10.0.40219.1
Project("{FAE04EC0-301F-11D3-BF4B-00C04F79EFBC}") = "Web", "Web\Web.csproj", "{EDE7B6CD-DDD6-4805-AB33-FD7D192C1441}"
EndProject
Project("{FAE04EC0-301F-11D3-BF4B-00C04F79EFBC}") = "Web.Tests", "Web.Tests\Web.Tests.csproj", "{394EE145-064E-45DB-BD92-FB776699607E}"
EndProject
Global
	GlobalSection(SolutionConfigurationPlatforms) = preSolution
		Debug|Any CPU = Debug|Any CPU
		Release|Any CPU = Release|Any CPU
	EndGlobalSection
	GlobalSection(ProjectConfigurationPlatforms) = postSolution
		{EDE7B6CD-DDD6-4805-AB33-FD7D192C1441}.Debug|Any CPU.ActiveCfg = Debug|Any CPU
		{EDE7B6CD-DDD6-4805-AB33-FD7D192C1441}.Debug|Any CPU.Build.0 = Debug|Any CPU
		{EDE7B6CD-DDD6-4805-AB33-FD7D192C1441}.Release|Any CPU.ActiveCfg = Release|Any CPU
		{EDE7B6CD-DDD6-4805-AB33-FD7D192C1441}.Release|Any CPU.Build.0 = Release|Any CPU
		{394EE145-064E-45DB-BD92-FB776699607E}.Debug|Any CPU.ActiveCfg = Debug|Any CPU
		{394EE145-064E-45DB-BD92-FB776699607E}.Debug|Any CPU.Build.0 = Debug|Any CPU
		{394EE145-064E-45DB-BD92-FB776699607E}.Release|Any CPU.ActiveCfg = Release|Any CPU
		{394EE145-064E-45DB-BD92-FB776699607E}.Release|Any CPU.Build.0 = Release|Any CPU
	EndGlobalSection
	GlobalSection(SolutionProperties) = preSolution
		HideSolutionNode = FALSE
	EndGlobalSection
	GlobalSection(ExtensibilityGlobals) = postSolution
		SolutionGuid = {B5F694EC-BC92-43E7-815C-60AAA47D673B}
	EndGlobalSection
EndGlobal
